// !$*UTF8*$!
{
	archiveVersion = 1;
	classes = {
	};
	objectVersion = 46;
	objects = {

/* Begin PBXBuildFile section */
		9BEBCBC41CBE93B80019D942 /* AppDelegate.swift in Sources */ = {isa = PBXBuildFile; fileRef = 9BEBCBC31CBE93B80019D942 /* AppDelegate.swift */; };
		9BEBCBC61CBE93B80019D942 /* RecordingViewController.swift in Sources */ = {isa = PBXBuildFile; fileRef = 9BEBCBC51CBE93B80019D942 /* RecordingViewController.swift */; };
		9BEBCBC91CBE93B80019D942 /* Main.storyboard in Resources */ = {isa = PBXBuildFile; fileRef = 9BEBCBC71CBE93B80019D942 /* Main.storyboard */; };
		9BEBCBCB1CBE93B80019D942 /* Assets.xcassets in Resources */ = {isa = PBXBuildFile; fileRef = 9BEBCBCA1CBE93B80019D942 /* Assets.xcassets */; };
		9BEBCBCE1CBE93B80019D942 /* LaunchScreen.storyboard in Resources */ = {isa = PBXBuildFile; fileRef = 9BEBCBCC1CBE93B80019D942 /* LaunchScreen.storyboard */; };
		9BEBCBD91CBE93B80019D942 /* RecordingViewModelTests.swift in Sources */ = {isa = PBXBuildFile; fileRef = 9BEBCBD81CBE93B80019D942 /* RecordingViewModelTests.swift */; };
		9BEBCBE41CBE93B80019D942 /* iTranslateSample00UITests.swift in Sources */ = {isa = PBXBuildFile; fileRef = 9BEBCBE31CBE93B80019D942 /* iTranslateSample00UITests.swift */; };
		9FEDECA922BB6957008DDDEF /* NibLoadableView.swift in Sources */ = {isa = PBXBuildFile; fileRef = 9FEDECA822BB6957008DDDEF /* NibLoadableView.swift */; };
		9FEDECAB22BB6975008DDDEF /* ReusableView.swift in Sources */ = {isa = PBXBuildFile; fileRef = 9FEDECAA22BB6975008DDDEF /* ReusableView.swift */; };
		9FEDECAD22BB6986008DDDEF /* Storyboarded.swift in Sources */ = {isa = PBXBuildFile; fileRef = 9FEDECAC22BB6986008DDDEF /* Storyboarded.swift */; };
		9FEDECAF22BB699A008DDDEF /* ViewModelBased.swift in Sources */ = {isa = PBXBuildFile; fileRef = 9FEDECAE22BB699A008DDDEF /* ViewModelBased.swift */; };
		9FEDECB122BB69A9008DDDEF /* ViewModel.swift in Sources */ = {isa = PBXBuildFile; fileRef = 9FEDECB022BB69A9008DDDEF /* ViewModel.swift */; };
		9FEDECB322BB69C4008DDDEF /* UITableViewCell+Extension.swift in Sources */ = {isa = PBXBuildFile; fileRef = 9FEDECB222BB69C4008DDDEF /* UITableViewCell+Extension.swift */; };
		9FEDECB522BB69DE008DDDEF /* UITableView+Extension.swift in Sources */ = {isa = PBXBuildFile; fileRef = 9FEDECB422BB69DE008DDDEF /* UITableView+Extension.swift */; };
		9FEDECB722BB69FC008DDDEF /* UIViewController+Extension.swift in Sources */ = {isa = PBXBuildFile; fileRef = 9FEDECB622BB69FC008DDDEF /* UIViewController+Extension.swift */; };
		9FEDECBD22BB6CE7008DDDEF /* RecordingViewModel.swift in Sources */ = {isa = PBXBuildFile; fileRef = 9FEDECBC22BB6CE7008DDDEF /* RecordingViewModel.swift */; };
		9FEDECD022BB70D0008DDDEF /* SFUIText-Semibold.ttf in Resources */ = {isa = PBXBuildFile; fileRef = 9FEDECC422BB70CF008DDDEF /* SFUIText-Semibold.ttf */; };
		9FEDECD222BB70D0008DDDEF /* SFUIText-Regular.ttf in Resources */ = {isa = PBXBuildFile; fileRef = 9FEDECC622BB70CF008DDDEF /* SFUIText-Regular.ttf */; };
		9FEDECD822BB7131008DDDEF /* SFUIDisplay-Light.otf in Resources */ = {isa = PBXBuildFile; fileRef = 9FEDECD722BB7131008DDDEF /* SFUIDisplay-Light.otf */; };
		9FEDECDA22BB84A6008DDDEF /* UIColor+Extension.swift in Sources */ = {isa = PBXBuildFile; fileRef = 9FEDECD922BB84A6008DDDEF /* UIColor+Extension.swift */; };
		9FEDECDC22BB8F80008DDDEF /* PermissionAlertViewController.swift in Sources */ = {isa = PBXBuildFile; fileRef = 9FEDECDB22BB8F80008DDDEF /* PermissionAlertViewController.swift */; };
		9FEDECDE22BCA58C008DDDEF /* RecordingListViewController.swift in Sources */ = {isa = PBXBuildFile; fileRef = 9FEDECDD22BCA58C008DDDEF /* RecordingListViewController.swift */; };
		9FEDECE022BCA59D008DDDEF /* RecordingListViewModel.swift in Sources */ = {isa = PBXBuildFile; fileRef = 9FEDECDF22BCA59D008DDDEF /* RecordingListViewModel.swift */; };
		9FEDECE222BCA87D008DDDEF /* UIFont+Extension.swift in Sources */ = {isa = PBXBuildFile; fileRef = 9FEDECE122BCA87D008DDDEF /* UIFont+Extension.swift */; };
		9FEDECE622BCACDD008DDDEF /* RecordingTableViewCell.swift in Sources */ = {isa = PBXBuildFile; fileRef = 9FEDECE422BCACDD008DDDEF /* RecordingTableViewCell.swift */; };
		9FEDECE722BCACDD008DDDEF /* RecordingTableViewCell.xib in Resources */ = {isa = PBXBuildFile; fileRef = 9FEDECE522BCACDD008DDDEF /* RecordingTableViewCell.xib */; };
		9FEDECE922BCACFB008DDDEF /* RecordingCellViewModel.swift in Sources */ = {isa = PBXBuildFile; fileRef = 9FEDECE822BCACFB008DDDEF /* RecordingCellViewModel.swift */; };
		9FEDECEB22BCBD49008DDDEF /* Int+Extension.swift in Sources */ = {isa = PBXBuildFile; fileRef = 9FEDECEA22BCBD49008DDDEF /* Int+Extension.swift */; };
		9FEDECEE22BCC283008DDDEF /* Recording.swift in Sources */ = {isa = PBXBuildFile; fileRef = 9FEDECED22BCC283008DDDEF /* Recording.swift */; };
		9FEDECF022BD04BD008DDDEF /* CustomError.swift in Sources */ = {isa = PBXBuildFile; fileRef = 9FEDECEF22BD04BD008DDDEF /* CustomError.swift */; };
		9FEDECF222BD0ABD008DDDEF /* FileManagerHelper.swift in Sources */ = {isa = PBXBuildFile; fileRef = 9FEDECF122BD0ABD008DDDEF /* FileManagerHelper.swift */; };
		9FEDECF422BD1745008DDDEF /* String+Extension.swift in Sources */ = {isa = PBXBuildFile; fileRef = 9FEDECF322BD1745008DDDEF /* String+Extension.swift */; };
		9FEDECF622BD1855008DDDEF /* Constants.swift in Sources */ = {isa = PBXBuildFile; fileRef = 9FEDECF522BD1855008DDDEF /* Constants.swift */; };
		9FEDECF822BD1917008DDDEF /* RecordingStatus.swift in Sources */ = {isa = PBXBuildFile; fileRef = 9FEDECF722BD1917008DDDEF /* RecordingStatus.swift */; };
/* End PBXBuildFile section */

/* Begin PBXContainerItemProxy section */
		9BEBCBD51CBE93B80019D942 /* PBXContainerItemProxy */ = {
			isa = PBXContainerItemProxy;
			containerPortal = 9BEBCBB81CBE93B80019D942 /* Project object */;
			proxyType = 1;
			remoteGlobalIDString = 9BEBCBBF1CBE93B80019D942;
			remoteInfo = iTranslateSample00;
		};
		9BEBCBE01CBE93B80019D942 /* PBXContainerItemProxy */ = {
			isa = PBXContainerItemProxy;
			containerPortal = 9BEBCBB81CBE93B80019D942 /* Project object */;
			proxyType = 1;
			remoteGlobalIDString = 9BEBCBBF1CBE93B80019D942;
			remoteInfo = iTranslateSample00;
		};
/* End PBXContainerItemProxy section */

/* Begin PBXFileReference section */
		9BEBCBC01CBE93B80019D942 /* iTranslateSample00.app */ = {isa = PBXFileReference; explicitFileType = wrapper.application; includeInIndex = 0; path = iTranslateSample00.app; sourceTree = BUILT_PRODUCTS_DIR; };
		9BEBCBC31CBE93B80019D942 /* AppDelegate.swift */ = {isa = PBXFileReference; lastKnownFileType = sourcecode.swift; path = AppDelegate.swift; sourceTree = "<group>"; };
		9BEBCBC51CBE93B80019D942 /* RecordingViewController.swift */ = {isa = PBXFileReference; lastKnownFileType = sourcecode.swift; path = RecordingViewController.swift; sourceTree = "<group>"; };
		9BEBCBC81CBE93B80019D942 /* Base */ = {isa = PBXFileReference; lastKnownFileType = file.storyboard; name = Base; path = Base.lproj/Main.storyboard; sourceTree = "<group>"; };
		9BEBCBCA1CBE93B80019D942 /* Assets.xcassets */ = {isa = PBXFileReference; lastKnownFileType = folder.assetcatalog; path = Assets.xcassets; sourceTree = "<group>"; };
		9BEBCBCD1CBE93B80019D942 /* Base */ = {isa = PBXFileReference; lastKnownFileType = file.storyboard; name = Base; path = Base.lproj/LaunchScreen.storyboard; sourceTree = "<group>"; };
		9BEBCBCF1CBE93B80019D942 /* Info.plist */ = {isa = PBXFileReference; lastKnownFileType = text.plist.xml; path = Info.plist; sourceTree = "<group>"; };
		9BEBCBD41CBE93B80019D942 /* iTranslateSample00Tests.xctest */ = {isa = PBXFileReference; explicitFileType = wrapper.cfbundle; includeInIndex = 0; path = iTranslateSample00Tests.xctest; sourceTree = BUILT_PRODUCTS_DIR; };
		9BEBCBD81CBE93B80019D942 /* RecordingViewModelTests.swift */ = {isa = PBXFileReference; lastKnownFileType = sourcecode.swift; path = RecordingViewModelTests.swift; sourceTree = "<group>"; };
		9BEBCBDA1CBE93B80019D942 /* Info.plist */ = {isa = PBXFileReference; lastKnownFileType = text.plist.xml; path = Info.plist; sourceTree = "<group>"; };
		9BEBCBDF1CBE93B80019D942 /* iTranslateSample00UITests.xctest */ = {isa = PBXFileReference; explicitFileType = wrapper.cfbundle; includeInIndex = 0; path = iTranslateSample00UITests.xctest; sourceTree = BUILT_PRODUCTS_DIR; };
		9BEBCBE31CBE93B80019D942 /* iTranslateSample00UITests.swift */ = {isa = PBXFileReference; lastKnownFileType = sourcecode.swift; path = iTranslateSample00UITests.swift; sourceTree = "<group>"; };
		9BEBCBE51CBE93B80019D942 /* Info.plist */ = {isa = PBXFileReference; lastKnownFileType = text.plist.xml; path = Info.plist; sourceTree = "<group>"; };
		9FEDECA822BB6957008DDDEF /* NibLoadableView.swift */ = {isa = PBXFileReference; lastKnownFileType = sourcecode.swift; path = NibLoadableView.swift; sourceTree = "<group>"; };
		9FEDECAA22BB6975008DDDEF /* ReusableView.swift */ = {isa = PBXFileReference; lastKnownFileType = sourcecode.swift; path = ReusableView.swift; sourceTree = "<group>"; };
		9FEDECAC22BB6986008DDDEF /* Storyboarded.swift */ = {isa = PBXFileReference; lastKnownFileType = sourcecode.swift; path = Storyboarded.swift; sourceTree = "<group>"; };
		9FEDECAE22BB699A008DDDEF /* ViewModelBased.swift */ = {isa = PBXFileReference; lastKnownFileType = sourcecode.swift; path = ViewModelBased.swift; sourceTree = "<group>"; };
		9FEDECB022BB69A9008DDDEF /* ViewModel.swift */ = {isa = PBXFileReference; lastKnownFileType = sourcecode.swift; path = ViewModel.swift; sourceTree = "<group>"; };
		9FEDECB222BB69C4008DDDEF /* UITableViewCell+Extension.swift */ = {isa = PBXFileReference; lastKnownFileType = sourcecode.swift; path = "UITableViewCell+Extension.swift"; sourceTree = "<group>"; };
		9FEDECB422BB69DE008DDDEF /* UITableView+Extension.swift */ = {isa = PBXFileReference; lastKnownFileType = sourcecode.swift; path = "UITableView+Extension.swift"; sourceTree = "<group>"; };
		9FEDECB622BB69FC008DDDEF /* UIViewController+Extension.swift */ = {isa = PBXFileReference; lastKnownFileType = sourcecode.swift; path = "UIViewController+Extension.swift"; sourceTree = "<group>"; };
		9FEDECBC22BB6CE7008DDDEF /* RecordingViewModel.swift */ = {isa = PBXFileReference; lastKnownFileType = sourcecode.swift; path = RecordingViewModel.swift; sourceTree = "<group>"; };
		9FEDECC422BB70CF008DDDEF /* SFUIText-Semibold.ttf */ = {isa = PBXFileReference; lastKnownFileType = file; path = "SFUIText-Semibold.ttf"; sourceTree = "<group>"; };
		9FEDECC622BB70CF008DDDEF /* SFUIText-Regular.ttf */ = {isa = PBXFileReference; lastKnownFileType = file; path = "SFUIText-Regular.ttf"; sourceTree = "<group>"; };
		9FEDECD722BB7131008DDDEF /* SFUIDisplay-Light.otf */ = {isa = PBXFileReference; lastKnownFileType = file; path = "SFUIDisplay-Light.otf"; sourceTree = "<group>"; };
		9FEDECD922BB84A6008DDDEF /* UIColor+Extension.swift */ = {isa = PBXFileReference; lastKnownFileType = sourcecode.swift; path = "UIColor+Extension.swift"; sourceTree = "<group>"; };
		9FEDECDB22BB8F80008DDDEF /* PermissionAlertViewController.swift */ = {isa = PBXFileReference; lastKnownFileType = sourcecode.swift; path = PermissionAlertViewController.swift; sourceTree = "<group>"; };
		9FEDECDD22BCA58C008DDDEF /* RecordingListViewController.swift */ = {isa = PBXFileReference; lastKnownFileType = sourcecode.swift; path = RecordingListViewController.swift; sourceTree = "<group>"; };
		9FEDECDF22BCA59D008DDDEF /* RecordingListViewModel.swift */ = {isa = PBXFileReference; lastKnownFileType = sourcecode.swift; path = RecordingListViewModel.swift; sourceTree = "<group>"; };
		9FEDECE122BCA87D008DDDEF /* UIFont+Extension.swift */ = {isa = PBXFileReference; lastKnownFileType = sourcecode.swift; path = "UIFont+Extension.swift"; sourceTree = "<group>"; };
		9FEDECE422BCACDD008DDDEF /* RecordingTableViewCell.swift */ = {isa = PBXFileReference; lastKnownFileType = sourcecode.swift; path = RecordingTableViewCell.swift; sourceTree = "<group>"; };
		9FEDECE522BCACDD008DDDEF /* RecordingTableViewCell.xib */ = {isa = PBXFileReference; lastKnownFileType = file.xib; path = RecordingTableViewCell.xib; sourceTree = "<group>"; };
		9FEDECE822BCACFB008DDDEF /* RecordingCellViewModel.swift */ = {isa = PBXFileReference; lastKnownFileType = sourcecode.swift; path = RecordingCellViewModel.swift; sourceTree = "<group>"; };
		9FEDECEA22BCBD49008DDDEF /* Int+Extension.swift */ = {isa = PBXFileReference; lastKnownFileType = sourcecode.swift; path = "Int+Extension.swift"; sourceTree = "<group>"; };
		9FEDECED22BCC283008DDDEF /* Recording.swift */ = {isa = PBXFileReference; lastKnownFileType = sourcecode.swift; path = Recording.swift; sourceTree = "<group>"; };
		9FEDECEF22BD04BD008DDDEF /* CustomError.swift */ = {isa = PBXFileReference; lastKnownFileType = sourcecode.swift; path = CustomError.swift; sourceTree = "<group>"; };
		9FEDECF122BD0ABD008DDDEF /* FileManagerHelper.swift */ = {isa = PBXFileReference; lastKnownFileType = sourcecode.swift; path = FileManagerHelper.swift; sourceTree = "<group>"; };
		9FEDECF322BD1745008DDDEF /* String+Extension.swift */ = {isa = PBXFileReference; lastKnownFileType = sourcecode.swift; path = "String+Extension.swift"; sourceTree = "<group>"; };
		9FEDECF522BD1855008DDDEF /* Constants.swift */ = {isa = PBXFileReference; lastKnownFileType = sourcecode.swift; path = Constants.swift; sourceTree = "<group>"; };
		9FEDECF722BD1917008DDDEF /* RecordingStatus.swift */ = {isa = PBXFileReference; lastKnownFileType = sourcecode.swift; path = RecordingStatus.swift; sourceTree = "<group>"; };
/* End PBXFileReference section */

/* Begin PBXFrameworksBuildPhase section */
		9BEBCBBD1CBE93B80019D942 /* Frameworks */ = {
			isa = PBXFrameworksBuildPhase;
			buildActionMask = 2147483647;
			files = (
			);
			runOnlyForDeploymentPostprocessing = 0;
		};
		9BEBCBD11CBE93B80019D942 /* Frameworks */ = {
			isa = PBXFrameworksBuildPhase;
			buildActionMask = 2147483647;
			files = (
			);
			runOnlyForDeploymentPostprocessing = 0;
		};
		9BEBCBDC1CBE93B80019D942 /* Frameworks */ = {
			isa = PBXFrameworksBuildPhase;
			buildActionMask = 2147483647;
			files = (
			);
			runOnlyForDeploymentPostprocessing = 0;
		};
/* End PBXFrameworksBuildPhase section */

/* Begin PBXGroup section */
		9BEBCBB71CBE93B80019D942 = {
			isa = PBXGroup;
			children = (
				9BEBCBC21CBE93B80019D942 /* iTranslateSample00 */,
				9BEBCBD71CBE93B80019D942 /* iTranslateSample00Tests */,
				9BEBCBE21CBE93B80019D942 /* iTranslateSample00UITests */,
				9BEBCBC11CBE93B80019D942 /* Products */,
			);
			sourceTree = "<group>";
		};
		9BEBCBC11CBE93B80019D942 /* Products */ = {
			isa = PBXGroup;
			children = (
				9BEBCBC01CBE93B80019D942 /* iTranslateSample00.app */,
				9BEBCBD41CBE93B80019D942 /* iTranslateSample00Tests.xctest */,
				9BEBCBDF1CBE93B80019D942 /* iTranslateSample00UITests.xctest */,
			);
			name = Products;
			sourceTree = "<group>";
		};
		9BEBCBC21CBE93B80019D942 /* iTranslateSample00 */ = {
			isa = PBXGroup;
			children = (
				9FEDECEC22BCC27B008DDDEF /* Models */,
				9FEDECE322BCACC1008DDDEF /* Cells */,
				9FEDECA522BB6927008DDDEF /* Helpers */,
				9FEDECA322BB65DC008DDDEF /* ViewModels */,
				9FEDECA222BB65D4008DDDEF /* ViewControllers */,
				9FEDECA022BB65B7008DDDEF /* Resources */,
				9FEDEC9F22BB65A9008DDDEF /* Project Files */,
			);
			path = iTranslateSample00;
			sourceTree = "<group>";
		};
		9BEBCBD71CBE93B80019D942 /* iTranslateSample00Tests */ = {
			isa = PBXGroup;
			children = (
				9BEBCBD81CBE93B80019D942 /* RecordingViewModelTests.swift */,
				9BEBCBDA1CBE93B80019D942 /* Info.plist */,
			);
			path = iTranslateSample00Tests;
			sourceTree = "<group>";
		};
		9BEBCBE21CBE93B80019D942 /* iTranslateSample00UITests */ = {
			isa = PBXGroup;
			children = (
				9BEBCBE31CBE93B80019D942 /* iTranslateSample00UITests.swift */,
				9BEBCBE51CBE93B80019D942 /* Info.plist */,
			);
			path = iTranslateSample00UITests;
			sourceTree = "<group>";
		};
		9FEDEC9F22BB65A9008DDDEF /* Project Files */ = {
			isa = PBXGroup;
			children = (
				9BEBCBC31CBE93B80019D942 /* AppDelegate.swift */,
				9BEBCBCF1CBE93B80019D942 /* Info.plist */,
			);
			path = "Project Files";
			sourceTree = "<group>";
		};
		9FEDECA022BB65B7008DDDEF /* Resources */ = {
			isa = PBXGroup;
			children = (
				9FEDECBE22BB70AB008DDDEF /* Fonts */,
				9BEBCBCA1CBE93B80019D942 /* Assets.xcassets */,
				9FEDECA122BB65BD008DDDEF /* Storyboards */,
			);
			path = Resources;
			sourceTree = "<group>";
		};
		9FEDECA122BB65BD008DDDEF /* Storyboards */ = {
			isa = PBXGroup;
			children = (
				9BEBCBC71CBE93B80019D942 /* Main.storyboard */,
				9BEBCBCC1CBE93B80019D942 /* LaunchScreen.storyboard */,
			);
			path = Storyboards;
			sourceTree = "<group>";
		};
		9FEDECA222BB65D4008DDDEF /* ViewControllers */ = {
			isa = PBXGroup;
			children = (
				9BEBCBC51CBE93B80019D942 /* RecordingViewController.swift */,
				9FEDECDB22BB8F80008DDDEF /* PermissionAlertViewController.swift */,
				9FEDECDD22BCA58C008DDDEF /* RecordingListViewController.swift */,
			);
			path = ViewControllers;
			sourceTree = "<group>";
		};
		9FEDECA322BB65DC008DDDEF /* ViewModels */ = {
			isa = PBXGroup;
			children = (
				9FEDECBB22BB6CD7008DDDEF /* Cells */,
				9FEDECBA22BB6CD1008DDDEF /* ViewController */,
			);
			path = ViewModels;
			sourceTree = "<group>";
		};
		9FEDECA522BB6927008DDDEF /* Helpers */ = {
			isa = PBXGroup;
			children = (
				9FEDECA722BB6935008DDDEF /* Extensions */,
				9FEDECA622BB692F008DDDEF /* Protocols */,
				9FEDECEF22BD04BD008DDDEF /* CustomError.swift */,
				9FEDECF122BD0ABD008DDDEF /* FileManagerHelper.swift */,
				9FEDECF522BD1855008DDDEF /* Constants.swift */,
			);
			path = Helpers;
			sourceTree = "<group>";
		};
		9FEDECA622BB692F008DDDEF /* Protocols */ = {
			isa = PBXGroup;
			children = (
				9FEDECA822BB6957008DDDEF /* NibLoadableView.swift */,
				9FEDECAA22BB6975008DDDEF /* ReusableView.swift */,
				9FEDECAC22BB6986008DDDEF /* Storyboarded.swift */,
				9FEDECAE22BB699A008DDDEF /* ViewModelBased.swift */,
				9FEDECB022BB69A9008DDDEF /* ViewModel.swift */,
			);
			path = Protocols;
			sourceTree = "<group>";
		};
		9FEDECA722BB6935008DDDEF /* Extensions */ = {
			isa = PBXGroup;
			children = (
				9FEDECB222BB69C4008DDDEF /* UITableViewCell+Extension.swift */,
				9FEDECB422BB69DE008DDDEF /* UITableView+Extension.swift */,
				9FEDECB622BB69FC008DDDEF /* UIViewController+Extension.swift */,
				9FEDECD922BB84A6008DDDEF /* UIColor+Extension.swift */,
				9FEDECE122BCA87D008DDDEF /* UIFont+Extension.swift */,
				9FEDECEA22BCBD49008DDDEF /* Int+Extension.swift */,
				9FEDECF322BD1745008DDDEF /* String+Extension.swift */,
			);
			path = Extensions;
			sourceTree = "<group>";
		};
		9FEDECBA22BB6CD1008DDDEF /* ViewController */ = {
			isa = PBXGroup;
			children = (
				9FEDECBC22BB6CE7008DDDEF /* RecordingViewModel.swift */,
				9FEDECDF22BCA59D008DDDEF /* RecordingListViewModel.swift */,
			);
			path = ViewController;
			sourceTree = "<group>";
		};
		9FEDECBB22BB6CD7008DDDEF /* Cells */ = {
			isa = PBXGroup;
			children = (
				9FEDECE822BCACFB008DDDEF /* RecordingCellViewModel.swift */,
			);
			path = Cells;
			sourceTree = "<group>";
		};
		9FEDECBE22BB70AB008DDDEF /* Fonts */ = {
			isa = PBXGroup;
			children = (
				9FEDECC622BB70CF008DDDEF /* SFUIText-Regular.ttf */,
				9FEDECD722BB7131008DDDEF /* SFUIDisplay-Light.otf */,
				9FEDECC422BB70CF008DDDEF /* SFUIText-Semibold.ttf */,
			);
			path = Fonts;
			sourceTree = "<group>";
		};
		9FEDECE322BCACC1008DDDEF /* Cells */ = {
			isa = PBXGroup;
			children = (
				9FEDECE422BCACDD008DDDEF /* RecordingTableViewCell.swift */,
				9FEDECE522BCACDD008DDDEF /* RecordingTableViewCell.xib */,
			);
			path = Cells;
			sourceTree = "<group>";
		};
		9FEDECEC22BCC27B008DDDEF /* Models */ = {
			isa = PBXGroup;
			children = (
				9FEDECED22BCC283008DDDEF /* Recording.swift */,
				9FEDECF722BD1917008DDDEF /* RecordingStatus.swift */,
			);
			path = Models;
			sourceTree = "<group>";
		};
/* End PBXGroup section */

/* Begin PBXNativeTarget section */
		9BEBCBBF1CBE93B80019D942 /* iTranslateSample00 */ = {
			isa = PBXNativeTarget;
			buildConfigurationList = 9BEBCBE81CBE93B80019D942 /* Build configuration list for PBXNativeTarget "iTranslateSample00" */;
			buildPhases = (
				9BEBCBBC1CBE93B80019D942 /* Sources */,
				9BEBCBBD1CBE93B80019D942 /* Frameworks */,
				9BEBCBBE1CBE93B80019D942 /* Resources */,
			);
			buildRules = (
			);
			dependencies = (
			);
			name = iTranslateSample00;
			productName = iTranslateSample00;
			productReference = 9BEBCBC01CBE93B80019D942 /* iTranslateSample00.app */;
			productType = "com.apple.product-type.application";
		};
		9BEBCBD31CBE93B80019D942 /* iTranslateSample00Tests */ = {
			isa = PBXNativeTarget;
			buildConfigurationList = 9BEBCBEB1CBE93B80019D942 /* Build configuration list for PBXNativeTarget "iTranslateSample00Tests" */;
			buildPhases = (
				9BEBCBD01CBE93B80019D942 /* Sources */,
				9BEBCBD11CBE93B80019D942 /* Frameworks */,
				9BEBCBD21CBE93B80019D942 /* Resources */,
			);
			buildRules = (
			);
			dependencies = (
				9BEBCBD61CBE93B80019D942 /* PBXTargetDependency */,
			);
			name = iTranslateSample00Tests;
			productName = iTranslateSample00Tests;
			productReference = 9BEBCBD41CBE93B80019D942 /* iTranslateSample00Tests.xctest */;
			productType = "com.apple.product-type.bundle.unit-test";
		};
		9BEBCBDE1CBE93B80019D942 /* iTranslateSample00UITests */ = {
			isa = PBXNativeTarget;
			buildConfigurationList = 9BEBCBEE1CBE93B80019D942 /* Build configuration list for PBXNativeTarget "iTranslateSample00UITests" */;
			buildPhases = (
				9BEBCBDB1CBE93B80019D942 /* Sources */,
				9BEBCBDC1CBE93B80019D942 /* Frameworks */,
				9BEBCBDD1CBE93B80019D942 /* Resources */,
			);
			buildRules = (
			);
			dependencies = (
				9BEBCBE11CBE93B80019D942 /* PBXTargetDependency */,
			);
			name = iTranslateSample00UITests;
			productName = iTranslateSample00UITests;
			productReference = 9BEBCBDF1CBE93B80019D942 /* iTranslateSample00UITests.xctest */;
			productType = "com.apple.product-type.bundle.ui-testing";
		};
/* End PBXNativeTarget section */

/* Begin PBXProject section */
		9BEBCBB81CBE93B80019D942 /* Project object */ = {
			isa = PBXProject;
			attributes = {
				LastSwiftUpdateCheck = 0730;
				LastUpgradeCheck = 1020;
				ORGANIZATIONNAME = "Andreas Dolinsek";
				TargetAttributes = {
					9BEBCBBF1CBE93B80019D942 = {
						CreatedOnToolsVersion = 7.3;
						DevelopmentTeam = 8CEQW7LX82;
					};
					9BEBCBD31CBE93B80019D942 = {
						CreatedOnToolsVersion = 7.3;
						TestTargetID = 9BEBCBBF1CBE93B80019D942;
					};
					9BEBCBDE1CBE93B80019D942 = {
						CreatedOnToolsVersion = 7.3;
						TestTargetID = 9BEBCBBF1CBE93B80019D942;
					};
				};
			};
			buildConfigurationList = 9BEBCBBB1CBE93B80019D942 /* Build configuration list for PBXProject "iTranslateSample00" */;
			compatibilityVersion = "Xcode 3.2";
			developmentRegion = en;
			hasScannedForEncodings = 0;
			knownRegions = (
				en,
				Base,
			);
			mainGroup = 9BEBCBB71CBE93B80019D942;
			productRefGroup = 9BEBCBC11CBE93B80019D942 /* Products */;
			projectDirPath = "";
			projectRoot = "";
			targets = (
				9BEBCBBF1CBE93B80019D942 /* iTranslateSample00 */,
				9BEBCBD31CBE93B80019D942 /* iTranslateSample00Tests */,
				9BEBCBDE1CBE93B80019D942 /* iTranslateSample00UITests */,
			);
		};
/* End PBXProject section */

/* Begin PBXResourcesBuildPhase section */
		9BEBCBBE1CBE93B80019D942 /* Resources */ = {
			isa = PBXResourcesBuildPhase;
			buildActionMask = 2147483647;
			files = (
				9BEBCBCE1CBE93B80019D942 /* LaunchScreen.storyboard in Resources */,
				9FEDECD022BB70D0008DDDEF /* SFUIText-Semibold.ttf in Resources */,
				9BEBCBCB1CBE93B80019D942 /* Assets.xcassets in Resources */,
				9BEBCBC91CBE93B80019D942 /* Main.storyboard in Resources */,
				9FEDECE722BCACDD008DDDEF /* RecordingTableViewCell.xib in Resources */,
				9FEDECD822BB7131008DDDEF /* SFUIDisplay-Light.otf in Resources */,
				9FEDECD222BB70D0008DDDEF /* SFUIText-Regular.ttf in Resources */,
			);
			runOnlyForDeploymentPostprocessing = 0;
		};
		9BEBCBD21CBE93B80019D942 /* Resources */ = {
			isa = PBXResourcesBuildPhase;
			buildActionMask = 2147483647;
			files = (
			);
			runOnlyForDeploymentPostprocessing = 0;
		};
		9BEBCBDD1CBE93B80019D942 /* Resources */ = {
			isa = PBXResourcesBuildPhase;
			buildActionMask = 2147483647;
			files = (
			);
			runOnlyForDeploymentPostprocessing = 0;
		};
/* End PBXResourcesBuildPhase section */

/* Begin PBXSourcesBuildPhase section */
		9BEBCBBC1CBE93B80019D942 /* Sources */ = {
			isa = PBXSourcesBuildPhase;
			buildActionMask = 2147483647;
			files = (
				9FEDECE922BCACFB008DDDEF /* RecordingCellViewModel.swift in Sources */,
				9FEDECA922BB6957008DDDEF /* NibLoadableView.swift in Sources */,
				9FEDECB722BB69FC008DDDEF /* UIViewController+Extension.swift in Sources */,
				9FEDECEB22BCBD49008DDDEF /* Int+Extension.swift in Sources */,
				9FEDECF822BD1917008DDDEF /* RecordingStatus.swift in Sources */,
				9FEDECDC22BB8F80008DDDEF /* PermissionAlertViewController.swift in Sources */,
				9FEDECAB22BB6975008DDDEF /* ReusableView.swift in Sources */,
				9FEDECDE22BCA58C008DDDEF /* RecordingListViewController.swift in Sources */,
				9FEDECDA22BB84A6008DDDEF /* UIColor+Extension.swift in Sources */,
				9BEBCBC61CBE93B80019D942 /* RecordingViewController.swift in Sources */,
				9FEDECB322BB69C4008DDDEF /* UITableViewCell+Extension.swift in Sources */,
				9BEBCBC41CBE93B80019D942 /* AppDelegate.swift in Sources */,
				9FEDECAF22BB699A008DDDEF /* ViewModelBased.swift in Sources */,
				9FEDECF422BD1745008DDDEF /* String+Extension.swift in Sources */,
				9FEDECB522BB69DE008DDDEF /* UITableView+Extension.swift in Sources */,
				9FEDECB122BB69A9008DDDEF /* ViewModel.swift in Sources */,
				9FEDECF022BD04BD008DDDEF /* CustomError.swift in Sources */,
				9FEDECE022BCA59D008DDDEF /* RecordingListViewModel.swift in Sources */,
				9FEDECBD22BB6CE7008DDDEF /* RecordingViewModel.swift in Sources */,
				9FEDECF222BD0ABD008DDDEF /* FileManagerHelper.swift in Sources */,
				9FEDECE222BCA87D008DDDEF /* UIFont+Extension.swift in Sources */,
				9FEDECE622BCACDD008DDDEF /* RecordingTableViewCell.swift in Sources */,
				9FEDECAD22BB6986008DDDEF /* Storyboarded.swift in Sources */,
				9FEDECEE22BCC283008DDDEF /* Recording.swift in Sources */,
				9FEDECF622BD1855008DDDEF /* Constants.swift in Sources */,
			);
			runOnlyForDeploymentPostprocessing = 0;
		};
		9BEBCBD01CBE93B80019D942 /* Sources */ = {
			isa = PBXSourcesBuildPhase;
			buildActionMask = 2147483647;
			files = (
				9BEBCBD91CBE93B80019D942 /* RecordingViewModelTests.swift in Sources */,
			);
			runOnlyForDeploymentPostprocessing = 0;
		};
		9BEBCBDB1CBE93B80019D942 /* Sources */ = {
			isa = PBXSourcesBuildPhase;
			buildActionMask = 2147483647;
			files = (
				9BEBCBE41CBE93B80019D942 /* iTranslateSample00UITests.swift in Sources */,
			);
			runOnlyForDeploymentPostprocessing = 0;
		};
/* End PBXSourcesBuildPhase section */

/* Begin PBXTargetDependency section */
		9BEBCBD61CBE93B80019D942 /* PBXTargetDependency */ = {
			isa = PBXTargetDependency;
			target = 9BEBCBBF1CBE93B80019D942 /* iTranslateSample00 */;
			targetProxy = 9BEBCBD51CBE93B80019D942 /* PBXContainerItemProxy */;
		};
		9BEBCBE11CBE93B80019D942 /* PBXTargetDependency */ = {
			isa = PBXTargetDependency;
			target = 9BEBCBBF1CBE93B80019D942 /* iTranslateSample00 */;
			targetProxy = 9BEBCBE01CBE93B80019D942 /* PBXContainerItemProxy */;
		};
/* End PBXTargetDependency section */

/* Begin PBXVariantGroup section */
		9BEBCBC71CBE93B80019D942 /* Main.storyboard */ = {
			isa = PBXVariantGroup;
			children = (
				9BEBCBC81CBE93B80019D942 /* Base */,
			);
			name = Main.storyboard;
			sourceTree = "<group>";
		};
		9BEBCBCC1CBE93B80019D942 /* LaunchScreen.storyboard */ = {
			isa = PBXVariantGroup;
			children = (
				9BEBCBCD1CBE93B80019D942 /* Base */,
			);
			name = LaunchScreen.storyboard;
			sourceTree = "<group>";
		};
/* End PBXVariantGroup section */

/* Begin XCBuildConfiguration section */
		9BEBCBE61CBE93B80019D942 /* Debug */ = {
			isa = XCBuildConfiguration;
			buildSettings = {
				ALWAYS_SEARCH_USER_PATHS = NO;
				CLANG_ANALYZER_NONNULL = YES;
				CLANG_CXX_LANGUAGE_STANDARD = "gnu++0x";
				CLANG_CXX_LIBRARY = "libc++";
				CLANG_ENABLE_MODULES = YES;
				CLANG_ENABLE_OBJC_ARC = YES;
				CLANG_WARN_BLOCK_CAPTURE_AUTORELEASING = YES;
				CLANG_WARN_BOOL_CONVERSION = YES;
				CLANG_WARN_COMMA = YES;
				CLANG_WARN_CONSTANT_CONVERSION = YES;
				CLANG_WARN_DEPRECATED_OBJC_IMPLEMENTATIONS = YES;
				CLANG_WARN_DIRECT_OBJC_ISA_USAGE = YES_ERROR;
				CLANG_WARN_EMPTY_BODY = YES;
				CLANG_WARN_ENUM_CONVERSION = YES;
				CLANG_WARN_INFINITE_RECURSION = YES;
				CLANG_WARN_INT_CONVERSION = YES;
				CLANG_WARN_NON_LITERAL_NULL_CONVERSION = YES;
				CLANG_WARN_OBJC_IMPLICIT_RETAIN_SELF = YES;
				CLANG_WARN_OBJC_LITERAL_CONVERSION = YES;
				CLANG_WARN_OBJC_ROOT_CLASS = YES_ERROR;
				CLANG_WARN_RANGE_LOOP_ANALYSIS = YES;
				CLANG_WARN_STRICT_PROTOTYPES = YES;
				CLANG_WARN_SUSPICIOUS_MOVE = YES;
				CLANG_WARN_UNREACHABLE_CODE = YES;
				CLANG_WARN__DUPLICATE_METHOD_MATCH = YES;
				"CODE_SIGN_IDENTITY[sdk=iphoneos*]" = "iPhone Developer";
				COPY_PHASE_STRIP = NO;
				DEBUG_INFORMATION_FORMAT = dwarf;
				ENABLE_STRICT_OBJC_MSGSEND = YES;
				ENABLE_TESTABILITY = YES;
				GCC_C_LANGUAGE_STANDARD = gnu99;
				GCC_DYNAMIC_NO_PIC = NO;
				GCC_NO_COMMON_BLOCKS = YES;
				GCC_OPTIMIZATION_LEVEL = 0;
				GCC_PREPROCESSOR_DEFINITIONS = (
					"DEBUG=1",
					"$(inherited)",
				);
				GCC_WARN_64_TO_32_BIT_CONVERSION = YES;
				GCC_WARN_ABOUT_RETURN_TYPE = YES_ERROR;
				GCC_WARN_UNDECLARED_SELECTOR = YES;
				GCC_WARN_UNINITIALIZED_AUTOS = YES_AGGRESSIVE;
				GCC_WARN_UNUSED_FUNCTION = YES;
				GCC_WARN_UNUSED_VARIABLE = YES;
				IPHONEOS_DEPLOYMENT_TARGET = 9.3;
				MTL_ENABLE_DEBUG_INFO = YES;
				ONLY_ACTIVE_ARCH = YES;
				SDKROOT = iphoneos;
				SWIFT_OPTIMIZATION_LEVEL = "-Onone";
			};
			name = Debug;
		};
		9BEBCBE71CBE93B80019D942 /* Release */ = {
			isa = XCBuildConfiguration;
			buildSettings = {
				ALWAYS_SEARCH_USER_PATHS = NO;
				CLANG_ANALYZER_NONNULL = YES;
				CLANG_CXX_LANGUAGE_STANDARD = "gnu++0x";
				CLANG_CXX_LIBRARY = "libc++";
				CLANG_ENABLE_MODULES = YES;
				CLANG_ENABLE_OBJC_ARC = YES;
				CLANG_WARN_BLOCK_CAPTURE_AUTORELEASING = YES;
				CLANG_WARN_BOOL_CONVERSION = YES;
				CLANG_WARN_COMMA = YES;
				CLANG_WARN_CONSTANT_CONVERSION = YES;
				CLANG_WARN_DEPRECATED_OBJC_IMPLEMENTATIONS = YES;
				CLANG_WARN_DIRECT_OBJC_ISA_USAGE = YES_ERROR;
				CLANG_WARN_EMPTY_BODY = YES;
				CLANG_WARN_ENUM_CONVERSION = YES;
				CLANG_WARN_INFINITE_RECURSION = YES;
				CLANG_WARN_INT_CONVERSION = YES;
				CLANG_WARN_NON_LITERAL_NULL_CONVERSION = YES;
				CLANG_WARN_OBJC_IMPLICIT_RETAIN_SELF = YES;
				CLANG_WARN_OBJC_LITERAL_CONVERSION = YES;
				CLANG_WARN_OBJC_ROOT_CLASS = YES_ERROR;
				CLANG_WARN_RANGE_LOOP_ANALYSIS = YES;
				CLANG_WARN_STRICT_PROTOTYPES = YES;
				CLANG_WARN_SUSPICIOUS_MOVE = YES;
				CLANG_WARN_UNREACHABLE_CODE = YES;
				CLANG_WARN__DUPLICATE_METHOD_MATCH = YES;
				"CODE_SIGN_IDENTITY[sdk=iphoneos*]" = "iPhone Developer";
				COPY_PHASE_STRIP = NO;
				DEBUG_INFORMATION_FORMAT = "dwarf-with-dsym";
				ENABLE_NS_ASSERTIONS = NO;
				ENABLE_STRICT_OBJC_MSGSEND = YES;
				GCC_C_LANGUAGE_STANDARD = gnu99;
				GCC_NO_COMMON_BLOCKS = YES;
				GCC_WARN_64_TO_32_BIT_CONVERSION = YES;
				GCC_WARN_ABOUT_RETURN_TYPE = YES_ERROR;
				GCC_WARN_UNDECLARED_SELECTOR = YES;
				GCC_WARN_UNINITIALIZED_AUTOS = YES_AGGRESSIVE;
				GCC_WARN_UNUSED_FUNCTION = YES;
				GCC_WARN_UNUSED_VARIABLE = YES;
				IPHONEOS_DEPLOYMENT_TARGET = 9.3;
				MTL_ENABLE_DEBUG_INFO = NO;
				SDKROOT = iphoneos;
				SWIFT_COMPILATION_MODE = wholemodule;
				VALIDATE_PRODUCT = YES;
			};
			name = Release;
		};
		9BEBCBE91CBE93B80019D942 /* Debug */ = {
			isa = XCBuildConfiguration;
			buildSettings = {
				ASSETCATALOG_COMPILER_APPICON_NAME = AppIcon;
				DEVELOPMENT_TEAM = 8CEQW7LX82;
				INFOPLIST_FILE = "iTranslateSample00/Project Files/Info.plist";
				IPHONEOS_DEPLOYMENT_TARGET = 10.0;
				LD_RUNPATH_SEARCH_PATHS = "$(inherited) @executable_path/Frameworks";
				PRODUCT_BUNDLE_IDENTIFIER = com.itranslate.iTranslateSample00;
				PRODUCT_NAME = "$(TARGET_NAME)";
				SWIFT_VERSION = 5.0;
			};
			name = Debug;
		};
		9BEBCBEA1CBE93B80019D942 /* Release */ = {
			isa = XCBuildConfiguration;
			buildSettings = {
				ASSETCATALOG_COMPILER_APPICON_NAME = AppIcon;
				DEVELOPMENT_TEAM = 8CEQW7LX82;
				INFOPLIST_FILE = "iTranslateSample00/Project Files/Info.plist";
				IPHONEOS_DEPLOYMENT_TARGET = 10.0;
				LD_RUNPATH_SEARCH_PATHS = "$(inherited) @executable_path/Frameworks";
				PRODUCT_BUNDLE_IDENTIFIER = com.itranslate.iTranslateSample00;
				PRODUCT_NAME = "$(TARGET_NAME)";
				SWIFT_VERSION = 5.0;
			};
			name = Release;
		};
		9BEBCBEC1CBE93B80019D942 /* Debug */ = {
			isa = XCBuildConfiguration;
			buildSettings = {
				BUNDLE_LOADER = "$(TEST_HOST)";
				INFOPLIST_FILE = iTranslateSample00Tests/Info.plist;
				IPHONEOS_DEPLOYMENT_TARGET = 10.0;
				LD_RUNPATH_SEARCH_PATHS = "$(inherited) @executable_path/Frameworks @loader_path/Frameworks";
				PRODUCT_BUNDLE_IDENTIFIER = com.itranslate.iTranslateSample00Tests;
				PRODUCT_NAME = "$(TARGET_NAME)";
				SWIFT_VERSION = 5.0;
				TEST_HOST = "$(BUILT_PRODUCTS_DIR)/iTranslateSample00.app/iTranslateSample00";
			};
			name = Debug;
		};
		9BEBCBED1CBE93B80019D942 /* Release */ = {
			isa = XCBuildConfiguration;
			buildSettings = {
				BUNDLE_LOADER = "$(TEST_HOST)";
				INFOPLIST_FILE = iTranslateSample00Tests/Info.plist;
				IPHONEOS_DEPLOYMENT_TARGET = 10.0;
				LD_RUNPATH_SEARCH_PATHS = "$(inherited) @executable_path/Frameworks @loader_path/Frameworks";
				PRODUCT_BUNDLE_IDENTIFIER = com.itranslate.iTranslateSample00Tests;
				PRODUCT_NAME = "$(TARGET_NAME)";
				SWIFT_VERSION = 5.0;
				TEST_HOST = "$(BUILT_PRODUCTS_DIR)/iTranslateSample00.app/iTranslateSample00";
			};
			name = Release;
		};
		9BEBCBEF1CBE93B80019D942 /* Debug */ = {
			isa = XCBuildConfiguration;
			buildSettings = {
				INFOPLIST_FILE = iTranslateSample00UITests/Info.plist;
				IPHONEOS_DEPLOYMENT_TARGET = 10.0;
				LD_RUNPATH_SEARCH_PATHS = "$(inherited) @executable_path/Frameworks @loader_path/Frameworks";
				PRODUCT_BUNDLE_IDENTIFIER = com.itranslate.iTranslateSample00UITests;
				PRODUCT_NAME = "$(TARGET_NAME)";
				TEST_TARGET_NAME = iTranslateSample00;
			};
			name = Debug;
		};
		9BEBCBF01CBE93B80019D942 /* Release */ = {
			isa = XCBuildConfiguration;
			buildSettings = {
				INFOPLIST_FILE = iTranslateSample00UITests/Info.plist;
				IPHONEOS_DEPLOYMENT_TARGET = 10.0;
				LD_RUNPATH_SEARCH_PATHS = "$(inherited) @executable_path/Frameworks @loader_path/Frameworks";
				PRODUCT_BUNDLE_IDENTIFIER = com.itranslate.iTranslateSample00UITests;
				PRODUCT_NAME = "$(TARGET_NAME)";
				TEST_TARGET_NAME = iTranslateSample00;
			};
			name = Release;
		};
/* End XCBuildConfiguration section */

/* Begin XCConfigurationList section */
		9BEBCBBB1CBE93B80019D942 /* Build configuration list for PBXProject "iTranslateSample00" */ = {
			isa = XCConfigurationList;
			buildConfigurations = (
				9BEBCBE61CBE93B80019D942 /* Debug */,
				9BEBCBE71CBE93B80019D942 /* Release */,
			);
			defaultConfigurationIsVisible = 0;
			defaultConfigurationName = Release;
		};
		9BEBCBE81CBE93B80019D942 /* Build configuration list for PBXNativeTarget "iTranslateSample00" */ = {
			isa = XCConfigurationList;
			buildConfigurations = (
				9BEBCBE91CBE93B80019D942 /* Debug */,
				9BEBCBEA1CBE93B80019D942 /* Release */,
			);
			defaultConfigurationIsVisible = 0;
			defaultConfigurationName = Release;
		};
		9BEBCBEB1CBE93B80019D942 /* Build configuration list for PBXNativeTarget "iTranslateSample00Tests" */ = {
			isa = XCConfigurationList;
			buildConfigurations = (
				9BEBCBEC1CBE93B80019D942 /* Debug */,
				9BEBCBED1CBE93B80019D942 /* Release */,
			);
			defaultConfigurationIsVisible = 0;
			defaultConfigurationName = Release;
		};
		9BEBCBEE1CBE93B80019D942 /* Build configuration list for PBXNativeTarget "iTranslateSample00UITests" */ = {
			isa = XCConfigurationList;
			buildConfigurations = (
				9BEBCBEF1CBE93B80019D942 /* Debug */,
				9BEBCBF01CBE93B80019D942 /* Release */,
			);
			defaultConfigurationIsVisible = 0;
			defaultConfigurationName = Release;
		};
/* End XCConfigurationList section */
	};
	rootObject = 9BEBCBB81CBE93B80019D942 /* Project object */;
}
